PODS:
  - AEXML (4.3.3)
  - XMLMapper (1.5.1):
    - XMLMapper/Core (= 1.5.1)
  - XMLMapper/Core (1.5.1)

DEPENDENCIES:
  - AEXML
  - XMLMapper

SPEC REPOS:
  https://github.com/cocoapods/specs.git:
    - AEXML
    - XMLMapper

SPEC CHECKSUMS:
  AEXML: 601f41fcaa7bda7605cad153b0f43db9ec006c0f
  XMLMapper: 40841d2d7d134715943c8bca42dabdbcfe03d354

PODFILE CHECKSUM: e3a996d4b4d612efc874a532fa0b47807c75ddde

COCOAPODS: 1.5.3
