PODS:
  - AEXML (4.3.3)
  - XMLMapper (2.0.0):
    - XMLMapper/Core (= 2.0.0)
  - XMLMapper/Core (2.0.0)

DEPENDENCIES:
  - AEXML
  - XMLMapper

SPEC REPOS:
  https://github.com/CocoaPods/Specs.git:
    - AEXML
    - XMLMapper

SPEC CHECKSUMS:
  AEXML: 601f41fcaa7bda7605cad153b0f43db9ec006c0f
  XMLMapper: 45ff16367092620b0b4adbc5e42dd8db6ebb5e0d

PODFILE CHECKSUM: ea21c01fda122e55e577b80d06c531d16092d64c

COCOAPODS: 1.9.1
