// !$*UTF8*$!
{
	archiveVersion = 1;
	classes = {
	};
	objectVersion = 48;
	objects = {

/* Begin PBXBuildFile section */
		300D2F471FF4DA4600D6A473 /* FritzBoxKit.swift in Sources */ = {isa = PBXBuildFile; fileRef = 300D2F461FF4DA4600D6A473 /* FritzBoxKit.swift */; };
		300D2F481FF4DA4600D6A473 /* FritzBoxKit.swift in Sources */ = {isa = PBXBuildFile; fileRef = 300D2F461FF4DA4600D6A473 /* FritzBoxKit.swift */; };
		300D2F4A1FF4DD8B00D6A473 /* SessionInfo.swift in Sources */ = {isa = PBXBuildFile; fileRef = 300D2F491FF4DD8B00D6A473 /* SessionInfo.swift */; };
		300D2F4B1FF4DD8B00D6A473 /* SessionInfo.swift in Sources */ = {isa = PBXBuildFile; fileRef = 300D2F491FF4DD8B00D6A473 /* SessionInfo.swift */; };
		300D2F4D1FF4E14200D6A473 /* Helper.swift in Sources */ = {isa = PBXBuildFile; fileRef = 300D2F4C1FF4E14200D6A473 /* Helper.swift */; };
		300D2F4E1FF4E14200D6A473 /* Helper.swift in Sources */ = {isa = PBXBuildFile; fileRef = 300D2F4C1FF4E14200D6A473 /* Helper.swift */; };
		300D2F541FF4E2BD00D6A473 /* FRZError.swift in Sources */ = {isa = PBXBuildFile; fileRef = 300D2F531FF4E2BD00D6A473 /* FRZError.swift */; };
		300D2F551FF4E2BD00D6A473 /* FRZError.swift in Sources */ = {isa = PBXBuildFile; fileRef = 300D2F531FF4E2BD00D6A473 /* FRZError.swift */; };
		300D2F5A1FF4FC8C00D6A473 /* FritzBoxKit+ResourceLoading.swift in Sources */ = {isa = PBXBuildFile; fileRef = 300D2F591FF4FC8C00D6A473 /* FritzBoxKit+ResourceLoading.swift */; };
		300D2F5B1FF4FC8C00D6A473 /* FritzBoxKit+ResourceLoading.swift in Sources */ = {isa = PBXBuildFile; fileRef = 300D2F591FF4FC8C00D6A473 /* FritzBoxKit+ResourceLoading.swift */; };
		3019E3081FF184C6009AE220 /* AppDelegate.swift in Sources */ = {isa = PBXBuildFile; fileRef = 3019E3071FF184C6009AE220 /* AppDelegate.swift */; };
		3019E30A1FF184C6009AE220 /* DeviceListViewController.swift in Sources */ = {isa = PBXBuildFile; fileRef = 3019E3091FF184C6009AE220 /* DeviceListViewController.swift */; };
		3019E30D1FF184C6009AE220 /* Main.storyboard in Resources */ = {isa = PBXBuildFile; fileRef = 3019E30B1FF184C6009AE220 /* Main.storyboard */; };
		3019E30F1FF184C6009AE220 /* Assets.xcassets in Resources */ = {isa = PBXBuildFile; fileRef = 3019E30E1FF184C6009AE220 /* Assets.xcassets */; };
		3019E3121FF184C6009AE220 /* LaunchScreen.storyboard in Resources */ = {isa = PBXBuildFile; fileRef = 3019E3101FF184C6009AE220 /* LaunchScreen.storyboard */; };
		3019E31D1FF184C6009AE220 /* Fritz_Box_KitTests.swift in Sources */ = {isa = PBXBuildFile; fileRef = 3019E31C1FF184C6009AE220 /* Fritz_Box_KitTests.swift */; };
		304C4FDC1FFAA7560059B9E9 /* SmartHomeDevice.swift in Sources */ = {isa = PBXBuildFile; fileRef = 304C4FDB1FFAA7560059B9E9 /* SmartHomeDevice.swift */; };
		304C4FDD1FFAA7560059B9E9 /* SmartHomeDevice.swift in Sources */ = {isa = PBXBuildFile; fileRef = 304C4FDB1FFAA7560059B9E9 /* SmartHomeDevice.swift */; };
		307974292015ECDC00D65712 /* RadiatorRegulator.swift in Sources */ = {isa = PBXBuildFile; fileRef = 307974282015ECDC00D65712 /* RadiatorRegulator.swift */; };
		3079742A2015ECDC00D65712 /* RadiatorRegulator.swift in Sources */ = {isa = PBXBuildFile; fileRef = 307974282015ECDC00D65712 /* RadiatorRegulator.swift */; };
		3079742C2015ED1800D65712 /* Temperature.swift in Sources */ = {isa = PBXBuildFile; fileRef = 3079742B2015ED1800D65712 /* Temperature.swift */; };
		3079742D2015ED1800D65712 /* Temperature.swift in Sources */ = {isa = PBXBuildFile; fileRef = 3079742B2015ED1800D65712 /* Temperature.swift */; };
		3079742F2015ED4400D65712 /* XMLTemperatureTransform.swift in Sources */ = {isa = PBXBuildFile; fileRef = 3079742E2015ED4400D65712 /* XMLTemperatureTransform.swift */; };
		307974302015ED4400D65712 /* XMLTemperatureTransform.swift in Sources */ = {isa = PBXBuildFile; fileRef = 3079742E2015ED4400D65712 /* XMLTemperatureTransform.swift */; };
		3079743320163E9600D65712 /* devices.xml in Resources */ = {isa = PBXBuildFile; fileRef = 3079743220163E9600D65712 /* devices.xml */; };
		3079743520166DFB00D65712 /* XMLBoolTransform.swift in Sources */ = {isa = PBXBuildFile; fileRef = 3079743420166DFB00D65712 /* XMLBoolTransform.swift */; };
		3079743620166DFB00D65712 /* XMLBoolTransform.swift in Sources */ = {isa = PBXBuildFile; fileRef = 3079743420166DFB00D65712 /* XMLBoolTransform.swift */; };
		30D1E8FD2158EB2000BEC592 /* LoginViewController.swift in Sources */ = {isa = PBXBuildFile; fileRef = 30D1E8FC2158EB1F00BEC592 /* LoginViewController.swift */; };
		30D1E8FF2158F53200BEC592 /* Instantiatable.swift in Sources */ = {isa = PBXBuildFile; fileRef = 30D1E8FE2158F53200BEC592 /* Instantiatable.swift */; };
		535047813658DABB22BF59E7 /* libPods-fritzboxkit-Fritz!Box KitTests.a in Frameworks */ = {isa = PBXBuildFile; fileRef = 5D7B3BEA6CB1016C47ACF6EE /* libPods-fritzboxkit-Fritz!Box KitTests.a */; };
		576AF096ECF111B5B2AF2C9C /* libPods-fritzboxkit-Fritz!Box Kit.a in Frameworks */ = {isa = PBXBuildFile; fileRef = 1400697D89401B0995F3D613 /* libPods-fritzboxkit-Fritz!Box Kit.a */; };
/* End PBXBuildFile section */

/* Begin PBXContainerItemProxy section */
		3019E3191FF184C6009AE220 /* PBXContainerItemProxy */ = {
			isa = PBXContainerItemProxy;
			containerPortal = 3019E2FC1FF184C6009AE220 /* Project object */;
			proxyType = 1;
			remoteGlobalIDString = 3019E3031FF184C6009AE220;
			remoteInfo = "Fritz!Box Kit";
		};
/* End PBXContainerItemProxy section */

/* Begin PBXFileReference section */
		1400697D89401B0995F3D613 /* libPods-fritzboxkit-Fritz!Box Kit.a */ = {isa = PBXFileReference; explicitFileType = archive.ar; includeInIndex = 0; path = "libPods-fritzboxkit-Fritz!Box Kit.a"; sourceTree = BUILT_PRODUCTS_DIR; };
		300D2F461FF4DA4600D6A473 /* FritzBoxKit.swift */ = {isa = PBXFileReference; lastKnownFileType = sourcecode.swift; path = FritzBoxKit.swift; sourceTree = "<group>"; };
		300D2F491FF4DD8B00D6A473 /* SessionInfo.swift */ = {isa = PBXFileReference; lastKnownFileType = sourcecode.swift; path = SessionInfo.swift; sourceTree = "<group>"; };
		300D2F4C1FF4E14200D6A473 /* Helper.swift */ = {isa = PBXFileReference; lastKnownFileType = sourcecode.swift; path = Helper.swift; sourceTree = "<group>"; };
		300D2F531FF4E2BD00D6A473 /* FRZError.swift */ = {isa = PBXFileReference; fileEncoding = 4; lastKnownFileType = sourcecode.swift; path = FRZError.swift; sourceTree = "<group>"; };
		300D2F591FF4FC8C00D6A473 /* FritzBoxKit+ResourceLoading.swift */ = {isa = PBXFileReference; lastKnownFileType = sourcecode.swift; path = "FritzBoxKit+ResourceLoading.swift"; sourceTree = "<group>"; };
		3019E3041FF184C6009AE220 /* Fritz!Box Kit.app */ = {isa = PBXFileReference; explicitFileType = wrapper.application; includeInIndex = 0; path = "Fritz!Box Kit.app"; sourceTree = BUILT_PRODUCTS_DIR; };
		3019E3071FF184C6009AE220 /* AppDelegate.swift */ = {isa = PBXFileReference; lastKnownFileType = sourcecode.swift; path = AppDelegate.swift; sourceTree = "<group>"; };
		3019E3091FF184C6009AE220 /* DeviceListViewController.swift */ = {isa = PBXFileReference; lastKnownFileType = sourcecode.swift; path = DeviceListViewController.swift; sourceTree = "<group>"; };
		3019E30C1FF184C6009AE220 /* Base */ = {isa = PBXFileReference; lastKnownFileType = file.storyboard; name = Base; path = Base.lproj/Main.storyboard; sourceTree = "<group>"; };
		3019E30E1FF184C6009AE220 /* Assets.xcassets */ = {isa = PBXFileReference; lastKnownFileType = folder.assetcatalog; path = Assets.xcassets; sourceTree = "<group>"; };
		3019E3111FF184C6009AE220 /* Base */ = {isa = PBXFileReference; lastKnownFileType = file.storyboard; name = Base; path = Base.lproj/LaunchScreen.storyboard; sourceTree = "<group>"; };
		3019E3131FF184C6009AE220 /* Info.plist */ = {isa = PBXFileReference; lastKnownFileType = text.plist.xml; path = Info.plist; sourceTree = "<group>"; };
		3019E3181FF184C6009AE220 /* Fritz!Box KitTests.xctest */ = {isa = PBXFileReference; explicitFileType = wrapper.cfbundle; includeInIndex = 0; path = "Fritz!Box KitTests.xctest"; sourceTree = BUILT_PRODUCTS_DIR; };
		3019E31C1FF184C6009AE220 /* Fritz_Box_KitTests.swift */ = {isa = PBXFileReference; lastKnownFileType = sourcecode.swift; path = Fritz_Box_KitTests.swift; sourceTree = "<group>"; };
		3019E31E1FF184C6009AE220 /* Info.plist */ = {isa = PBXFileReference; lastKnownFileType = text.plist.xml; path = Info.plist; sourceTree = "<group>"; };
		3019E3271FF1B795009AE220 /* BridgingHeader.h */ = {isa = PBXFileReference; lastKnownFileType = sourcecode.c.h; path = BridgingHeader.h; sourceTree = "<group>"; };
		304C4FDB1FFAA7560059B9E9 /* SmartHomeDevice.swift */ = {isa = PBXFileReference; lastKnownFileType = sourcecode.swift; path = SmartHomeDevice.swift; sourceTree = "<group>"; };
		307974282015ECDC00D65712 /* RadiatorRegulator.swift */ = {isa = PBXFileReference; lastKnownFileType = sourcecode.swift; path = RadiatorRegulator.swift; sourceTree = "<group>"; };
		3079742B2015ED1800D65712 /* Temperature.swift */ = {isa = PBXFileReference; lastKnownFileType = sourcecode.swift; path = Temperature.swift; sourceTree = "<group>"; };
		3079742E2015ED4400D65712 /* XMLTemperatureTransform.swift */ = {isa = PBXFileReference; lastKnownFileType = sourcecode.swift; path = XMLTemperatureTransform.swift; sourceTree = "<group>"; };
		3079743220163E9600D65712 /* devices.xml */ = {isa = PBXFileReference; lastKnownFileType = text.xml; path = devices.xml; sourceTree = "<group>"; };
		3079743420166DFB00D65712 /* XMLBoolTransform.swift */ = {isa = PBXFileReference; lastKnownFileType = sourcecode.swift; path = XMLBoolTransform.swift; sourceTree = "<group>"; };
		30D1E8FC2158EB1F00BEC592 /* LoginViewController.swift */ = {isa = PBXFileReference; lastKnownFileType = sourcecode.swift; path = LoginViewController.swift; sourceTree = "<group>"; };
		30D1E8FE2158F53200BEC592 /* Instantiatable.swift */ = {isa = PBXFileReference; fileEncoding = 4; lastKnownFileType = sourcecode.swift; path = Instantiatable.swift; sourceTree = "<group>"; };
		5D7B3BEA6CB1016C47ACF6EE /* libPods-fritzboxkit-Fritz!Box KitTests.a */ = {isa = PBXFileReference; explicitFileType = archive.ar; includeInIndex = 0; path = "libPods-fritzboxkit-Fritz!Box KitTests.a"; sourceTree = BUILT_PRODUCTS_DIR; };
		CCD27AB3B8DD2ED4260BF03B /* Pods-fritzboxkit-Fritz!Box KitTests.release.xcconfig */ = {isa = PBXFileReference; includeInIndex = 1; lastKnownFileType = text.xcconfig; name = "Pods-fritzboxkit-Fritz!Box KitTests.release.xcconfig"; path = "Pods/Target Support Files/Pods-fritzboxkit-Fritz!Box KitTests/Pods-fritzboxkit-Fritz!Box KitTests.release.xcconfig"; sourceTree = "<group>"; };
		CEF90BB0D8EB30162ECDEF56 /* Pods-fritzboxkit-Fritz!Box Kit.debug.xcconfig */ = {isa = PBXFileReference; includeInIndex = 1; lastKnownFileType = text.xcconfig; name = "Pods-fritzboxkit-Fritz!Box Kit.debug.xcconfig"; path = "Pods/Target Support Files/Pods-fritzboxkit-Fritz!Box Kit/Pods-fritzboxkit-Fritz!Box Kit.debug.xcconfig"; sourceTree = "<group>"; };
		E932621A97B953CBDFCB27A0 /* Pods-fritzboxkit-Fritz!Box KitTests.debug.xcconfig */ = {isa = PBXFileReference; includeInIndex = 1; lastKnownFileType = text.xcconfig; name = "Pods-fritzboxkit-Fritz!Box KitTests.debug.xcconfig"; path = "Pods/Target Support Files/Pods-fritzboxkit-Fritz!Box KitTests/Pods-fritzboxkit-Fritz!Box KitTests.debug.xcconfig"; sourceTree = "<group>"; };
		EA7CEC79881BE06A6E3F3299 /* Pods-fritzboxkit-Fritz!Box Kit.release.xcconfig */ = {isa = PBXFileReference; includeInIndex = 1; lastKnownFileType = text.xcconfig; name = "Pods-fritzboxkit-Fritz!Box Kit.release.xcconfig"; path = "Pods/Target Support Files/Pods-fritzboxkit-Fritz!Box Kit/Pods-fritzboxkit-Fritz!Box Kit.release.xcconfig"; sourceTree = "<group>"; };
/* End PBXFileReference section */

/* Begin PBXFrameworksBuildPhase section */
		3019E3011FF184C6009AE220 /* Frameworks */ = {
			isa = PBXFrameworksBuildPhase;
			buildActionMask = 2147483647;
			files = (
				576AF096ECF111B5B2AF2C9C /* libPods-fritzboxkit-Fritz!Box Kit.a in Frameworks */,
			);
			runOnlyForDeploymentPostprocessing = 0;
		};
		3019E3151FF184C6009AE220 /* Frameworks */ = {
			isa = PBXFrameworksBuildPhase;
			buildActionMask = 2147483647;
			files = (
				535047813658DABB22BF59E7 /* libPods-fritzboxkit-Fritz!Box KitTests.a in Frameworks */,
			);
			runOnlyForDeploymentPostprocessing = 0;
		};
/* End PBXFrameworksBuildPhase section */

/* Begin PBXGroup section */
		3019E2FB1FF184C6009AE220 = {
			isa = PBXGroup;
			children = (
				3019E3061FF184C6009AE220 /* Example */,
				3019E31B1FF184C6009AE220 /* Tests */,
				30299035215A292200A29EF9 /* Sources */,
				3019E3051FF184C6009AE220 /* Products */,
				F8DC7A4BF6339AD9836387BF /* Pods */,
				FCE1C0B92781C38F8F53958A /* Frameworks */,
			);
			sourceTree = "<group>";
		};
		3019E3051FF184C6009AE220 /* Products */ = {
			isa = PBXGroup;
			children = (
				3019E3041FF184C6009AE220 /* Fritz!Box Kit.app */,
				3019E3181FF184C6009AE220 /* Fritz!Box KitTests.xctest */,
			);
			name = Products;
			sourceTree = "<group>";
		};
		3019E3061FF184C6009AE220 /* Example */ = {
			isa = PBXGroup;
			children = (
				3019E3071FF184C6009AE220 /* AppDelegate.swift */,
				30D1E8FC2158EB1F00BEC592 /* LoginViewController.swift */,
				3019E3091FF184C6009AE220 /* DeviceListViewController.swift */,
				30D1E8FE2158F53200BEC592 /* Instantiatable.swift */,
				3019E3271FF1B795009AE220 /* BridgingHeader.h */,
				3019E30E1FF184C6009AE220 /* Assets.xcassets */,
				3019E3131FF184C6009AE220 /* Info.plist */,
				3019E3101FF184C6009AE220 /* LaunchScreen.storyboard */,
				3019E30B1FF184C6009AE220 /* Main.storyboard */,
			);
			path = Example;
			sourceTree = "<group>";
		};
		3019E31B1FF184C6009AE220 /* Tests */ = {
			isa = PBXGroup;
			children = (
				3079743120163E7300D65712 /* TestResources */,
				3019E31C1FF184C6009AE220 /* Fritz_Box_KitTests.swift */,
				3019E31E1FF184C6009AE220 /* Info.plist */,
			);
			path = Tests;
			sourceTree = "<group>";
		};
		30299035215A292200A29EF9 /* Sources */ = {
			isa = PBXGroup;
			children = (
				307974272015ECC300D65712 /* Model */,
				300D2F461FF4DA4600D6A473 /* FritzBoxKit.swift */,
				300D2F591FF4FC8C00D6A473 /* FritzBoxKit+ResourceLoading.swift */,
				300D2F531FF4E2BD00D6A473 /* FRZError.swift */,
				300D2F4C1FF4E14200D6A473 /* Helper.swift */,
			);
			path = Sources;
			sourceTree = "<group>";
		};
		307974272015ECC300D65712 /* Model */ = {
			isa = PBXGroup;
			children = (
				307974282015ECDC00D65712 /* RadiatorRegulator.swift */,
				300D2F491FF4DD8B00D6A473 /* SessionInfo.swift */,
				304C4FDB1FFAA7560059B9E9 /* SmartHomeDevice.swift */,
				3079742B2015ED1800D65712 /* Temperature.swift */,
				3079743420166DFB00D65712 /* XMLBoolTransform.swift */,
				3079742E2015ED4400D65712 /* XMLTemperatureTransform.swift */,
			);
			path = Model;
			sourceTree = "<group>";
		};
		3079743120163E7300D65712 /* TestResources */ = {
			isa = PBXGroup;
			children = (
				3079743220163E9600D65712 /* devices.xml */,
			);
			path = TestResources;
			sourceTree = "<group>";
		};
		F8DC7A4BF6339AD9836387BF /* Pods */ = {
			isa = PBXGroup;
			children = (
				CEF90BB0D8EB30162ECDEF56 /* Pods-fritzboxkit-Fritz!Box Kit.debug.xcconfig */,
				EA7CEC79881BE06A6E3F3299 /* Pods-fritzboxkit-Fritz!Box Kit.release.xcconfig */,
				E932621A97B953CBDFCB27A0 /* Pods-fritzboxkit-Fritz!Box KitTests.debug.xcconfig */,
				CCD27AB3B8DD2ED4260BF03B /* Pods-fritzboxkit-Fritz!Box KitTests.release.xcconfig */,
			);
			name = Pods;
			sourceTree = "<group>";
		};
		FCE1C0B92781C38F8F53958A /* Frameworks */ = {
			isa = PBXGroup;
			children = (
				1400697D89401B0995F3D613 /* libPods-fritzboxkit-Fritz!Box Kit.a */,
				5D7B3BEA6CB1016C47ACF6EE /* libPods-fritzboxkit-Fritz!Box KitTests.a */,
			);
			name = Frameworks;
			sourceTree = "<group>";
		};
/* End PBXGroup section */

/* Begin PBXNativeTarget section */
		3019E3031FF184C6009AE220 /* Fritz!Box Kit */ = {
			isa = PBXNativeTarget;
			buildConfigurationList = 3019E3211FF184C6009AE220 /* Build configuration list for PBXNativeTarget "Fritz!Box Kit" */;
			buildPhases = (
				3CDF9F6A5BC11A853E9E7672 /* [CP] Check Pods Manifest.lock */,
				3019E3001FF184C6009AE220 /* Sources */,
				3019E3011FF184C6009AE220 /* Frameworks */,
				3019E3021FF184C6009AE220 /* Resources */,
			);
			buildRules = (
			);
			dependencies = (
			);
			name = "Fritz!Box Kit";
			productName = "Fritz!Box Kit";
			productReference = 3019E3041FF184C6009AE220 /* Fritz!Box Kit.app */;
			productType = "com.apple.product-type.application";
		};
		3019E3171FF184C6009AE220 /* Fritz!Box KitTests */ = {
			isa = PBXNativeTarget;
			buildConfigurationList = 3019E3241FF184C6009AE220 /* Build configuration list for PBXNativeTarget "Fritz!Box KitTests" */;
			buildPhases = (
				BDBF7E1CFD2DA86DCF8A0FC5 /* [CP] Check Pods Manifest.lock */,
				3019E3141FF184C6009AE220 /* Sources */,
				3019E3151FF184C6009AE220 /* Frameworks */,
				3019E3161FF184C6009AE220 /* Resources */,
			);
			buildRules = (
			);
			dependencies = (
				3019E31A1FF184C6009AE220 /* PBXTargetDependency */,
			);
			name = "Fritz!Box KitTests";
			productName = "Fritz!Box KitTests";
			productReference = 3019E3181FF184C6009AE220 /* Fritz!Box KitTests.xctest */;
			productType = "com.apple.product-type.bundle.unit-test";
		};
/* End PBXNativeTarget section */

/* Begin PBXProject section */
		3019E2FC1FF184C6009AE220 /* Project object */ = {
			isa = PBXProject;
			attributes = {
				LastSwiftUpdateCheck = 0920;
				LastUpgradeCheck = 1000;
				ORGANIZATIONNAME = "Roman Gille";
				TargetAttributes = {
					3019E3031FF184C6009AE220 = {
						CreatedOnToolsVersion = 9.2;
						LastSwiftMigration = 1000;
						ProvisioningStyle = Automatic;
					};
					3019E3171FF184C6009AE220 = {
						CreatedOnToolsVersion = 9.2;
						LastSwiftMigration = 1000;
						ProvisioningStyle = Automatic;
						TestTargetID = 3019E3031FF184C6009AE220;
					};
				};
			};
			buildConfigurationList = 3019E2FF1FF184C6009AE220 /* Build configuration list for PBXProject "Fritz!Box Kit" */;
			compatibilityVersion = "Xcode 8.0";
			developmentRegion = en;
			hasScannedForEncodings = 0;
			knownRegions = (
				en,
				Base,
			);
			mainGroup = 3019E2FB1FF184C6009AE220;
			productRefGroup = 3019E3051FF184C6009AE220 /* Products */;
			projectDirPath = "";
			projectRoot = "";
			targets = (
				3019E3031FF184C6009AE220 /* Fritz!Box Kit */,
				3019E3171FF184C6009AE220 /* Fritz!Box KitTests */,
			);
		};
/* End PBXProject section */

/* Begin PBXResourcesBuildPhase section */
		3019E3021FF184C6009AE220 /* Resources */ = {
			isa = PBXResourcesBuildPhase;
			buildActionMask = 2147483647;
			files = (
				3019E3121FF184C6009AE220 /* LaunchScreen.storyboard in Resources */,
				3019E30F1FF184C6009AE220 /* Assets.xcassets in Resources */,
				3019E30D1FF184C6009AE220 /* Main.storyboard in Resources */,
			);
			runOnlyForDeploymentPostprocessing = 0;
		};
		3019E3161FF184C6009AE220 /* Resources */ = {
			isa = PBXResourcesBuildPhase;
			buildActionMask = 2147483647;
			files = (
				3079743320163E9600D65712 /* devices.xml in Resources */,
			);
			runOnlyForDeploymentPostprocessing = 0;
		};
/* End PBXResourcesBuildPhase section */

/* Begin PBXShellScriptBuildPhase section */
		3CDF9F6A5BC11A853E9E7672 /* [CP] Check Pods Manifest.lock */ = {
			isa = PBXShellScriptBuildPhase;
			buildActionMask = 2147483647;
			files = (
			);
			inputPaths = (
				"${PODS_PODFILE_DIR_PATH}/Podfile.lock",
				"${PODS_ROOT}/Manifest.lock",
			);
			name = "[CP] Check Pods Manifest.lock";
			outputPaths = (
				"$(DERIVED_FILE_DIR)/Pods-fritzboxkit-Fritz!Box Kit-checkManifestLockResult.txt",
			);
			runOnlyForDeploymentPostprocessing = 0;
			shellPath = /bin/sh;
			shellScript = "diff \"${PODS_PODFILE_DIR_PATH}/Podfile.lock\" \"${PODS_ROOT}/Manifest.lock\" > /dev/null\nif [ $? != 0 ] ; then\n    # print error to STDERR\n    echo \"error: The sandbox is not in sync with the Podfile.lock. Run 'pod install' or update your CocoaPods installation.\" >&2\n    exit 1\nfi\n# This output is used by Xcode 'outputs' to avoid re-running this script phase.\necho \"SUCCESS\" > \"${SCRIPT_OUTPUT_FILE_0}\"\n";
			showEnvVarsInLog = 0;
		};
		BDBF7E1CFD2DA86DCF8A0FC5 /* [CP] Check Pods Manifest.lock */ = {
			isa = PBXShellScriptBuildPhase;
			buildActionMask = 2147483647;
			files = (
			);
			inputPaths = (
				"${PODS_PODFILE_DIR_PATH}/Podfile.lock",
				"${PODS_ROOT}/Manifest.lock",
			);
			name = "[CP] Check Pods Manifest.lock";
			outputPaths = (
				"$(DERIVED_FILE_DIR)/Pods-fritzboxkit-Fritz!Box KitTests-checkManifestLockResult.txt",
			);
			runOnlyForDeploymentPostprocessing = 0;
			shellPath = /bin/sh;
			shellScript = "diff \"${PODS_PODFILE_DIR_PATH}/Podfile.lock\" \"${PODS_ROOT}/Manifest.lock\" > /dev/null\nif [ $? != 0 ] ; then\n    # print error to STDERR\n    echo \"error: The sandbox is not in sync with the Podfile.lock. Run 'pod install' or update your CocoaPods installation.\" >&2\n    exit 1\nfi\n# This output is used by Xcode 'outputs' to avoid re-running this script phase.\necho \"SUCCESS\" > \"${SCRIPT_OUTPUT_FILE_0}\"\n";
			showEnvVarsInLog = 0;
		};
/* End PBXShellScriptBuildPhase section */

/* Begin PBXSourcesBuildPhase section */
		3019E3001FF184C6009AE220 /* Sources */ = {
			isa = PBXSourcesBuildPhase;
			buildActionMask = 2147483647;
			files = (
				300D2F541FF4E2BD00D6A473 /* FRZError.swift in Sources */,
				3079742F2015ED4400D65712 /* XMLTemperatureTransform.swift in Sources */,
				300D2F4A1FF4DD8B00D6A473 /* SessionInfo.swift in Sources */,
				30D1E8FF2158F53200BEC592 /* Instantiatable.swift in Sources */,
				300D2F471FF4DA4600D6A473 /* FritzBoxKit.swift in Sources */,
				300D2F4D1FF4E14200D6A473 /* Helper.swift in Sources */,
				307974292015ECDC00D65712 /* RadiatorRegulator.swift in Sources */,
				3079743520166DFB00D65712 /* XMLBoolTransform.swift in Sources */,
				3019E30A1FF184C6009AE220 /* DeviceListViewController.swift in Sources */,
				3019E3081FF184C6009AE220 /* AppDelegate.swift in Sources */,
				300D2F5A1FF4FC8C00D6A473 /* FritzBoxKit+ResourceLoading.swift in Sources */,
				3079742C2015ED1800D65712 /* Temperature.swift in Sources */,
				30D1E8FD2158EB2000BEC592 /* LoginViewController.swift in Sources */,
				304C4FDC1FFAA7560059B9E9 /* SmartHomeDevice.swift in Sources */,
			);
			runOnlyForDeploymentPostprocessing = 0;
		};
		3019E3141FF184C6009AE220 /* Sources */ = {
			isa = PBXSourcesBuildPhase;
			buildActionMask = 2147483647;
			files = (
				300D2F551FF4E2BD00D6A473 /* FRZError.swift in Sources */,
				300D2F481FF4DA4600D6A473 /* FritzBoxKit.swift in Sources */,
				3079742D2015ED1800D65712 /* Temperature.swift in Sources */,
				3019E31D1FF184C6009AE220 /* Fritz_Box_KitTests.swift in Sources */,
				300D2F5B1FF4FC8C00D6A473 /* FritzBoxKit+ResourceLoading.swift in Sources */,
				307974302015ED4400D65712 /* XMLTemperatureTransform.swift in Sources */,
				300D2F4B1FF4DD8B00D6A473 /* SessionInfo.swift in Sources */,
				3079742A2015ECDC00D65712 /* RadiatorRegulator.swift in Sources */,
				304C4FDD1FFAA7560059B9E9 /* SmartHomeDevice.swift in Sources */,
				300D2F4E1FF4E14200D6A473 /* Helper.swift in Sources */,
				3079743620166DFB00D65712 /* XMLBoolTransform.swift in Sources */,
			);
			runOnlyForDeploymentPostprocessing = 0;
		};
/* End PBXSourcesBuildPhase section */

/* Begin PBXTargetDependency section */
		3019E31A1FF184C6009AE220 /* PBXTargetDependency */ = {
			isa = PBXTargetDependency;
			target = 3019E3031FF184C6009AE220 /* Fritz!Box Kit */;
			targetProxy = 3019E3191FF184C6009AE220 /* PBXContainerItemProxy */;
		};
/* End PBXTargetDependency section */

/* Begin PBXVariantGroup section */
		3019E30B1FF184C6009AE220 /* Main.storyboard */ = {
			isa = PBXVariantGroup;
			children = (
				3019E30C1FF184C6009AE220 /* Base */,
			);
			name = Main.storyboard;
			sourceTree = "<group>";
		};
		3019E3101FF184C6009AE220 /* LaunchScreen.storyboard */ = {
			isa = PBXVariantGroup;
			children = (
				3019E3111FF184C6009AE220 /* Base */,
			);
			name = LaunchScreen.storyboard;
			sourceTree = "<group>";
		};
/* End PBXVariantGroup section */

/* Begin XCBuildConfiguration section */
		3019E31F1FF184C6009AE220 /* Debug */ = {
			isa = XCBuildConfiguration;
			buildSettings = {
				ALWAYS_SEARCH_USER_PATHS = NO;
				CLANG_ANALYZER_NONNULL = YES;
				CLANG_ANALYZER_NUMBER_OBJECT_CONVERSION = YES_AGGRESSIVE;
				CLANG_CXX_LANGUAGE_STANDARD = "gnu++14";
				CLANG_CXX_LIBRARY = "libc++";
				CLANG_ENABLE_MODULES = YES;
				CLANG_ENABLE_OBJC_ARC = YES;
				CLANG_WARN_BLOCK_CAPTURE_AUTORELEASING = YES;
				CLANG_WARN_BOOL_CONVERSION = YES;
				CLANG_WARN_COMMA = YES;
				CLANG_WARN_CONSTANT_CONVERSION = YES;
				CLANG_WARN_DEPRECATED_OBJC_IMPLEMENTATIONS = YES;
				CLANG_WARN_DIRECT_OBJC_ISA_USAGE = YES_ERROR;
				CLANG_WARN_DOCUMENTATION_COMMENTS = YES;
				CLANG_WARN_EMPTY_BODY = YES;
				CLANG_WARN_ENUM_CONVERSION = YES;
				CLANG_WARN_INFINITE_RECURSION = YES;
				CLANG_WARN_INT_CONVERSION = YES;
				CLANG_WARN_NON_LITERAL_NULL_CONVERSION = YES;
				CLANG_WARN_OBJC_IMPLICIT_RETAIN_SELF = YES;
				CLANG_WARN_OBJC_LITERAL_CONVERSION = YES;
				CLANG_WARN_OBJC_ROOT_CLASS = YES_ERROR;
				CLANG_WARN_RANGE_LOOP_ANALYSIS = YES;
				CLANG_WARN_STRICT_PROTOTYPES = YES;
				CLANG_WARN_SUSPICIOUS_MOVE = YES;
				CLANG_WARN_UNGUARDED_AVAILABILITY = YES_AGGRESSIVE;
				CLANG_WARN_UNREACHABLE_CODE = YES;
				CLANG_WARN__DUPLICATE_METHOD_MATCH = YES;
				CODE_SIGN_IDENTITY = "iPhone Developer";
				COPY_PHASE_STRIP = NO;
				DEBUG_INFORMATION_FORMAT = dwarf;
				ENABLE_STRICT_OBJC_MSGSEND = YES;
				ENABLE_TESTABILITY = YES;
				GCC_C_LANGUAGE_STANDARD = gnu11;
				GCC_DYNAMIC_NO_PIC = NO;
				GCC_NO_COMMON_BLOCKS = YES;
				GCC_OPTIMIZATION_LEVEL = 0;
				GCC_PREPROCESSOR_DEFINITIONS = (
					"DEBUG=1",
					"$(inherited)",
				);
				GCC_WARN_64_TO_32_BIT_CONVERSION = YES;
				GCC_WARN_ABOUT_RETURN_TYPE = YES_ERROR;
				GCC_WARN_UNDECLARED_SELECTOR = YES;
				GCC_WARN_UNINITIALIZED_AUTOS = YES_AGGRESSIVE;
				GCC_WARN_UNUSED_FUNCTION = YES;
				GCC_WARN_UNUSED_VARIABLE = YES;
				IPHONEOS_DEPLOYMENT_TARGET = 9.0;
				MTL_ENABLE_DEBUG_INFO = YES;
				ONLY_ACTIVE_ARCH = YES;
				SDKROOT = iphoneos;
				SWIFT_ACTIVE_COMPILATION_CONDITIONS = DEBUG;
				SWIFT_OPTIMIZATION_LEVEL = "-Onone";
				SWIFT_VERSION = 4.2;
			};
			name = Debug;
		};
		3019E3201FF184C6009AE220 /* Release */ = {
			isa = XCBuildConfiguration;
			buildSettings = {
				ALWAYS_SEARCH_USER_PATHS = NO;
				CLANG_ANALYZER_NONNULL = YES;
				CLANG_ANALYZER_NUMBER_OBJECT_CONVERSION = YES_AGGRESSIVE;
				CLANG_CXX_LANGUAGE_STANDARD = "gnu++14";
				CLANG_CXX_LIBRARY = "libc++";
				CLANG_ENABLE_MODULES = YES;
				CLANG_ENABLE_OBJC_ARC = YES;
				CLANG_WARN_BLOCK_CAPTURE_AUTORELEASING = YES;
				CLANG_WARN_BOOL_CONVERSION = YES;
				CLANG_WARN_COMMA = YES;
				CLANG_WARN_CONSTANT_CONVERSION = YES;
				CLANG_WARN_DEPRECATED_OBJC_IMPLEMENTATIONS = YES;
				CLANG_WARN_DIRECT_OBJC_ISA_USAGE = YES_ERROR;
				CLANG_WARN_DOCUMENTATION_COMMENTS = YES;
				CLANG_WARN_EMPTY_BODY = YES;
				CLANG_WARN_ENUM_CONVERSION = YES;
				CLANG_WARN_INFINITE_RECURSION = YES;
				CLANG_WARN_INT_CONVERSION = YES;
				CLANG_WARN_NON_LITERAL_NULL_CONVERSION = YES;
				CLANG_WARN_OBJC_IMPLICIT_RETAIN_SELF = YES;
				CLANG_WARN_OBJC_LITERAL_CONVERSION = YES;
				CLANG_WARN_OBJC_ROOT_CLASS = YES_ERROR;
				CLANG_WARN_RANGE_LOOP_ANALYSIS = YES;
				CLANG_WARN_STRICT_PROTOTYPES = YES;
				CLANG_WARN_SUSPICIOUS_MOVE = YES;
				CLANG_WARN_UNGUARDED_AVAILABILITY = YES_AGGRESSIVE;
				CLANG_WARN_UNREACHABLE_CODE = YES;
				CLANG_WARN__DUPLICATE_METHOD_MATCH = YES;
				CODE_SIGN_IDENTITY = "iPhone Developer";
				COPY_PHASE_STRIP = NO;
				DEBUG_INFORMATION_FORMAT = "dwarf-with-dsym";
				ENABLE_NS_ASSERTIONS = NO;
				ENABLE_STRICT_OBJC_MSGSEND = YES;
				GCC_C_LANGUAGE_STANDARD = gnu11;
				GCC_NO_COMMON_BLOCKS = YES;
				GCC_WARN_64_TO_32_BIT_CONVERSION = YES;
				GCC_WARN_ABOUT_RETURN_TYPE = YES_ERROR;
				GCC_WARN_UNDECLARED_SELECTOR = YES;
				GCC_WARN_UNINITIALIZED_AUTOS = YES_AGGRESSIVE;
				GCC_WARN_UNUSED_FUNCTION = YES;
				GCC_WARN_UNUSED_VARIABLE = YES;
				IPHONEOS_DEPLOYMENT_TARGET = 9.0;
				MTL_ENABLE_DEBUG_INFO = NO;
				SDKROOT = iphoneos;
				SWIFT_OPTIMIZATION_LEVEL = "-Owholemodule";
				SWIFT_VERSION = 4.2;
				VALIDATE_PRODUCT = YES;
			};
			name = Release;
		};
		3019E3221FF184C6009AE220 /* Debug */ = {
			isa = XCBuildConfiguration;
			baseConfigurationReference = CEF90BB0D8EB30162ECDEF56 /* Pods-fritzboxkit-Fritz!Box Kit.debug.xcconfig */;
			buildSettings = {
				ASSETCATALOG_COMPILER_APPICON_NAME = AppIcon;
				CODE_SIGN_STYLE = Automatic;
				DEVELOPMENT_TEAM = SBPV56G7LG;
				INFOPLIST_FILE = Example/Info.plist;
				LD_RUNPATH_SEARCH_PATHS = "$(inherited) @executable_path/Frameworks";
				PRODUCT_BUNDLE_IDENTIFIER = "rg.test.Fritz-Box-Kit";
				PRODUCT_NAME = "$(TARGET_NAME)";
				SWIFT_OBJC_BRIDGING_HEADER = Example/BridgingHeader.h;
				SWIFT_VERSION = 4.2;
				TARGETED_DEVICE_FAMILY = "1,2";
			};
			name = Debug;
		};
		3019E3231FF184C6009AE220 /* Release */ = {
			isa = XCBuildConfiguration;
			baseConfigurationReference = EA7CEC79881BE06A6E3F3299 /* Pods-fritzboxkit-Fritz!Box Kit.release.xcconfig */;
			buildSettings = {
				ASSETCATALOG_COMPILER_APPICON_NAME = AppIcon;
				CODE_SIGN_STYLE = Automatic;
				DEVELOPMENT_TEAM = SBPV56G7LG;
				INFOPLIST_FILE = Example/Info.plist;
				LD_RUNPATH_SEARCH_PATHS = "$(inherited) @executable_path/Frameworks";
				PRODUCT_BUNDLE_IDENTIFIER = "rg.test.Fritz-Box-Kit";
				PRODUCT_NAME = "$(TARGET_NAME)";
				SWIFT_OBJC_BRIDGING_HEADER = Example/BridgingHeader.h;
				SWIFT_VERSION = 4.2;
				TARGETED_DEVICE_FAMILY = "1,2";
			};
			name = Release;
		};
		3019E3251FF184C6009AE220 /* Debug */ = {
			isa = XCBuildConfiguration;
			baseConfigurationReference = E932621A97B953CBDFCB27A0 /* Pods-fritzboxkit-Fritz!Box KitTests.debug.xcconfig */;
			buildSettings = {
				ALWAYS_EMBED_SWIFT_STANDARD_LIBRARIES = "$(inherited)";
				BUNDLE_LOADER = "$(TEST_HOST)";
				CODE_SIGN_STYLE = Automatic;
				DEVELOPMENT_TEAM = SBPV56G7LG;
				INFOPLIST_FILE = Tests/Info.plist;
				LD_RUNPATH_SEARCH_PATHS = "$(inherited) @executable_path/Frameworks @loader_path/Frameworks";
				PRODUCT_BUNDLE_IDENTIFIER = "rg.test.Fritz-Box-KitTests";
				PRODUCT_NAME = "$(TARGET_NAME)";
				SWIFT_OBJC_BRIDGING_HEADER = Example/BridgingHeader.h;
				SWIFT_VERSION = 4.2;
				TARGETED_DEVICE_FAMILY = "1,2";
				TEST_HOST = "$(BUILT_PRODUCTS_DIR)/Fritz!Box Kit.app/Fritz!Box Kit";
			};
			name = Debug;
		};
		3019E3261FF184C6009AE220 /* Release */ = {
			isa = XCBuildConfiguration;
			baseConfigurationReference = CCD27AB3B8DD2ED4260BF03B /* Pods-fritzboxkit-Fritz!Box KitTests.release.xcconfig */;
			buildSettings = {
				ALWAYS_EMBED_SWIFT_STANDARD_LIBRARIES = "$(inherited)";
				BUNDLE_LOADER = "$(TEST_HOST)";
				CODE_SIGN_STYLE = Automatic;
				DEVELOPMENT_TEAM = SBPV56G7LG;
				INFOPLIST_FILE = Tests/Info.plist;
				LD_RUNPATH_SEARCH_PATHS = "$(inherited) @executable_path/Frameworks @loader_path/Frameworks";
				PRODUCT_BUNDLE_IDENTIFIER = "rg.test.Fritz-Box-KitTests";
				PRODUCT_NAME = "$(TARGET_NAME)";
				SWIFT_OBJC_BRIDGING_HEADER = Example/BridgingHeader.h;
				SWIFT_VERSION = 4.2;
				TARGETED_DEVICE_FAMILY = "1,2";
				TEST_HOST = "$(BUILT_PRODUCTS_DIR)/Fritz!Box Kit.app/Fritz!Box Kit";
			};
			name = Release;
		};
/* End XCBuildConfiguration section */

/* Begin XCConfigurationList section */
		3019E2FF1FF184C6009AE220 /* Build configuration list for PBXProject "Fritz!Box Kit" */ = {
			isa = XCConfigurationList;
			buildConfigurations = (
				3019E31F1FF184C6009AE220 /* Debug */,
				3019E3201FF184C6009AE220 /* Release */,
			);
			defaultConfigurationIsVisible = 0;
			defaultConfigurationName = Release;
		};
		3019E3211FF184C6009AE220 /* Build configuration list for PBXNativeTarget "Fritz!Box Kit" */ = {
			isa = XCConfigurationList;
			buildConfigurations = (
				3019E3221FF184C6009AE220 /* Debug */,
				3019E3231FF184C6009AE220 /* Release */,
			);
			defaultConfigurationIsVisible = 0;
			defaultConfigurationName = Release;
		};
		3019E3241FF184C6009AE220 /* Build configuration list for PBXNativeTarget "Fritz!Box KitTests" */ = {
			isa = XCConfigurationList;
			buildConfigurations = (
				3019E3251FF184C6009AE220 /* Debug */,
				3019E3261FF184C6009AE220 /* Release */,
			);
			defaultConfigurationIsVisible = 0;
			defaultConfigurationName = Release;
		};
/* End XCConfigurationList section */
	};
	rootObject = 3019E2FC1FF184C6009AE220 /* Project object */;
}
