// !$*UTF8*$!
{
	archiveVersion = 1;
	classes = {
	};
	objectVersion = 52;
	objects = {

/* Begin PBXBuildFile section */
		3019E3081FF184C6009AE220 /* AppDelegate.swift in Sources */ = {isa = PBXBuildFile; fileRef = 3019E3071FF184C6009AE220 /* AppDelegate.swift */; };
		3019E30A1FF184C6009AE220 /* DeviceListViewController.swift in Sources */ = {isa = PBXBuildFile; fileRef = 3019E3091FF184C6009AE220 /* DeviceListViewController.swift */; };
		3019E30D1FF184C6009AE220 /* Main.storyboard in Resources */ = {isa = PBXBuildFile; fileRef = 3019E30B1FF184C6009AE220 /* Main.storyboard */; };
		3019E30F1FF184C6009AE220 /* Assets.xcassets in Resources */ = {isa = PBXBuildFile; fileRef = 3019E30E1FF184C6009AE220 /* Assets.xcassets */; };
		3019E3121FF184C6009AE220 /* LaunchScreen.storyboard in Resources */ = {isa = PBXBuildFile; fileRef = 3019E3101FF184C6009AE220 /* LaunchScreen.storyboard */; };
		3019E31D1FF184C6009AE220 /* Fritz_Box_KitTests.swift in Sources */ = {isa = PBXBuildFile; fileRef = 3019E31C1FF184C6009AE220 /* Fritz_Box_KitTests.swift */; };
		3029904D215A418F00A29EF9 /* libFritzBoxKit.a in Frameworks */ = {isa = PBXBuildFile; fileRef = 3029903B215A3E8F00A29EF9 /* libFritzBoxKit.a */; };
		306C873125AE4C2C00A9F9CD /* Helper.swift in Sources */ = {isa = PBXBuildFile; fileRef = 306C871625AE496A00A9F9CD /* Helper.swift */; };
		306C873225AE4C2C00A9F9CD /* Temperature.swift in Sources */ = {isa = PBXBuildFile; fileRef = 306C871D25AE496A00A9F9CD /* Temperature.swift */; };
		306C873325AE4C2C00A9F9CD /* SmartHomeDevice.swift in Sources */ = {isa = PBXBuildFile; fileRef = 306C871B25AE496A00A9F9CD /* SmartHomeDevice.swift */; };
		306C873425AE4C2C00A9F9CD /* SessionInfo.swift in Sources */ = {isa = PBXBuildFile; fileRef = 306C871E25AE496A00A9F9CD /* SessionInfo.swift */; };
		306C873525AE4C2C00A9F9CD /* PowerMeter.swift in Sources */ = {isa = PBXBuildFile; fileRef = 306C871F25AE496A00A9F9CD /* PowerMeter.swift */; };
		306C873625AE4C2C00A9F9CD /* XMLFloatTransform.swift in Sources */ = {isa = PBXBuildFile; fileRef = 306C872025AE496A00A9F9CD /* XMLFloatTransform.swift */; };
		306C873725AE4C2C00A9F9CD /* XMLBoolTransform.swift in Sources */ = {isa = PBXBuildFile; fileRef = 306C872125AE496A00A9F9CD /* XMLBoolTransform.swift */; };
		306C873825AE4C2C00A9F9CD /* RadiatorRegulator.swift in Sources */ = {isa = PBXBuildFile; fileRef = 306C871A25AE496A00A9F9CD /* RadiatorRegulator.swift */; };
		306C873925AE4C2C00A9F9CD /* PowerSwitch.swift in Sources */ = {isa = PBXBuildFile; fileRef = 306C871C25AE496A00A9F9CD /* PowerSwitch.swift */; };
		306C873A25AE4C2C00A9F9CD /* FritzBoxKit.swift in Sources */ = {isa = PBXBuildFile; fileRef = 306C871725AE496A00A9F9CD /* FritzBoxKit.swift */; };
		306C873B25AE4C2C00A9F9CD /* FritzBoxKit+ResourceLoading.swift in Sources */ = {isa = PBXBuildFile; fileRef = 306C871825AE496A00A9F9CD /* FritzBoxKit+ResourceLoading.swift */; };
		306C873C25AE4C2C00A9F9CD /* FritzBox.Error.swift in Sources */ = {isa = PBXBuildFile; fileRef = 306C871525AE496A00A9F9CD /* FritzBox.Error.swift */; };
		3079743320163E9600D65712 /* devices.xml in Resources */ = {isa = PBXBuildFile; fileRef = 3079743220163E9600D65712 /* devices.xml */; };
		30D1E8FD2158EB2000BEC592 /* LoginViewController.swift in Sources */ = {isa = PBXBuildFile; fileRef = 30D1E8FC2158EB1F00BEC592 /* LoginViewController.swift */; };
		30D1E8FF2158F53200BEC592 /* Instantiatable.swift in Sources */ = {isa = PBXBuildFile; fileRef = 30D1E8FE2158F53200BEC592 /* Instantiatable.swift */; };
		30D608CA25B228BD00EECAE3 /* AEXML in Frameworks */ = {isa = PBXBuildFile; productRef = 30D608C925B228BD00EECAE3 /* AEXML */; };
		30D608D025B228D700EECAE3 /* XMLMapper in Frameworks */ = {isa = PBXBuildFile; productRef = 30D608CF25B228D700EECAE3 /* XMLMapper */; };
/* End PBXBuildFile section */

/* Begin PBXContainerItemProxy section */
		3019E3191FF184C6009AE220 /* PBXContainerItemProxy */ = {
			isa = PBXContainerItemProxy;
			containerPortal = 3019E2FC1FF184C6009AE220 /* Project object */;
			proxyType = 1;
			remoteGlobalIDString = 3019E3031FF184C6009AE220;
			remoteInfo = "Fritz!Box Kit";
		};
/* End PBXContainerItemProxy section */

/* Begin PBXCopyFilesBuildPhase section */
		30299039215A3E8F00A29EF9 /* CopyFiles */ = {
			isa = PBXCopyFilesBuildPhase;
			buildActionMask = 2147483647;
			dstPath = "include/$(PRODUCT_NAME)";
			dstSubfolderSpec = 16;
			files = (
			);
			runOnlyForDeploymentPostprocessing = 0;
		};
/* End PBXCopyFilesBuildPhase section */

/* Begin PBXFileReference section */
		3019E3041FF184C6009AE220 /* Example App.app */ = {isa = PBXFileReference; explicitFileType = wrapper.application; includeInIndex = 0; path = "Example App.app"; sourceTree = BUILT_PRODUCTS_DIR; };
		3019E3071FF184C6009AE220 /* AppDelegate.swift */ = {isa = PBXFileReference; lastKnownFileType = sourcecode.swift; path = AppDelegate.swift; sourceTree = "<group>"; };
		3019E3091FF184C6009AE220 /* DeviceListViewController.swift */ = {isa = PBXFileReference; lastKnownFileType = sourcecode.swift; path = DeviceListViewController.swift; sourceTree = "<group>"; };
		3019E30C1FF184C6009AE220 /* Base */ = {isa = PBXFileReference; lastKnownFileType = file.storyboard; name = Base; path = Base.lproj/Main.storyboard; sourceTree = "<group>"; };
		3019E30E1FF184C6009AE220 /* Assets.xcassets */ = {isa = PBXFileReference; lastKnownFileType = folder.assetcatalog; path = Assets.xcassets; sourceTree = "<group>"; };
		3019E3111FF184C6009AE220 /* Base */ = {isa = PBXFileReference; lastKnownFileType = file.storyboard; name = Base; path = Base.lproj/LaunchScreen.storyboard; sourceTree = "<group>"; };
		3019E3131FF184C6009AE220 /* Info.plist */ = {isa = PBXFileReference; lastKnownFileType = text.plist.xml; path = Info.plist; sourceTree = "<group>"; };
		3019E3181FF184C6009AE220 /* Tests.xctest */ = {isa = PBXFileReference; explicitFileType = wrapper.cfbundle; includeInIndex = 0; path = Tests.xctest; sourceTree = BUILT_PRODUCTS_DIR; };
		3019E31C1FF184C6009AE220 /* Fritz_Box_KitTests.swift */ = {isa = PBXFileReference; lastKnownFileType = sourcecode.swift; path = Fritz_Box_KitTests.swift; sourceTree = "<group>"; };
		3019E31E1FF184C6009AE220 /* Info.plist */ = {isa = PBXFileReference; lastKnownFileType = text.plist.xml; path = Info.plist; sourceTree = "<group>"; };
		3029903B215A3E8F00A29EF9 /* libFritzBoxKit.a */ = {isa = PBXFileReference; explicitFileType = archive.ar; includeInIndex = 0; path = libFritzBoxKit.a; sourceTree = BUILT_PRODUCTS_DIR; };
		306C871525AE496A00A9F9CD /* FritzBox.Error.swift */ = {isa = PBXFileReference; fileEncoding = 4; lastKnownFileType = sourcecode.swift; path = FritzBox.Error.swift; sourceTree = "<group>"; };
		306C871625AE496A00A9F9CD /* Helper.swift */ = {isa = PBXFileReference; fileEncoding = 4; lastKnownFileType = sourcecode.swift; path = Helper.swift; sourceTree = "<group>"; };
		306C871725AE496A00A9F9CD /* FritzBoxKit.swift */ = {isa = PBXFileReference; fileEncoding = 4; lastKnownFileType = sourcecode.swift; path = FritzBoxKit.swift; sourceTree = "<group>"; };
		306C871825AE496A00A9F9CD /* FritzBoxKit+ResourceLoading.swift */ = {isa = PBXFileReference; fileEncoding = 4; lastKnownFileType = sourcecode.swift; path = "FritzBoxKit+ResourceLoading.swift"; sourceTree = "<group>"; };
		306C871A25AE496A00A9F9CD /* RadiatorRegulator.swift */ = {isa = PBXFileReference; fileEncoding = 4; lastKnownFileType = sourcecode.swift; path = RadiatorRegulator.swift; sourceTree = "<group>"; };
		306C871B25AE496A00A9F9CD /* SmartHomeDevice.swift */ = {isa = PBXFileReference; fileEncoding = 4; lastKnownFileType = sourcecode.swift; path = SmartHomeDevice.swift; sourceTree = "<group>"; };
		306C871C25AE496A00A9F9CD /* PowerSwitch.swift */ = {isa = PBXFileReference; fileEncoding = 4; lastKnownFileType = sourcecode.swift; path = PowerSwitch.swift; sourceTree = "<group>"; };
		306C871D25AE496A00A9F9CD /* Temperature.swift */ = {isa = PBXFileReference; fileEncoding = 4; lastKnownFileType = sourcecode.swift; path = Temperature.swift; sourceTree = "<group>"; };
		306C871E25AE496A00A9F9CD /* SessionInfo.swift */ = {isa = PBXFileReference; fileEncoding = 4; lastKnownFileType = sourcecode.swift; path = SessionInfo.swift; sourceTree = "<group>"; };
		306C871F25AE496A00A9F9CD /* PowerMeter.swift */ = {isa = PBXFileReference; fileEncoding = 4; lastKnownFileType = sourcecode.swift; path = PowerMeter.swift; sourceTree = "<group>"; };
		306C872025AE496A00A9F9CD /* XMLFloatTransform.swift */ = {isa = PBXFileReference; fileEncoding = 4; lastKnownFileType = sourcecode.swift; path = XMLFloatTransform.swift; sourceTree = "<group>"; };
		306C872125AE496A00A9F9CD /* XMLBoolTransform.swift */ = {isa = PBXFileReference; fileEncoding = 4; lastKnownFileType = sourcecode.swift; path = XMLBoolTransform.swift; sourceTree = "<group>"; };
		3079743220163E9600D65712 /* devices.xml */ = {isa = PBXFileReference; lastKnownFileType = text.xml; path = devices.xml; sourceTree = "<group>"; };
		30D1E8FC2158EB1F00BEC592 /* LoginViewController.swift */ = {isa = PBXFileReference; lastKnownFileType = sourcecode.swift; path = LoginViewController.swift; sourceTree = "<group>"; };
		30D1E8FE2158F53200BEC592 /* Instantiatable.swift */ = {isa = PBXFileReference; fileEncoding = 4; lastKnownFileType = sourcecode.swift; path = Instantiatable.swift; sourceTree = "<group>"; };
/* End PBXFileReference section */

/* Begin PBXFrameworksBuildPhase section */
		3019E3011FF184C6009AE220 /* Frameworks */ = {
			isa = PBXFrameworksBuildPhase;
			buildActionMask = 2147483647;
			files = (
				30D608CA25B228BD00EECAE3 /* AEXML in Frameworks */,
				30D608D025B228D700EECAE3 /* XMLMapper in Frameworks */,
				3029904D215A418F00A29EF9 /* libFritzBoxKit.a in Frameworks */,
			);
			runOnlyForDeploymentPostprocessing = 0;
		};
		3019E3151FF184C6009AE220 /* Frameworks */ = {
			isa = PBXFrameworksBuildPhase;
			buildActionMask = 2147483647;
			files = (
			);
			runOnlyForDeploymentPostprocessing = 0;
		};
		30299038215A3E8F00A29EF9 /* Frameworks */ = {
			isa = PBXFrameworksBuildPhase;
			buildActionMask = 2147483647;
			files = (
			);
			runOnlyForDeploymentPostprocessing = 0;
		};
/* End PBXFrameworksBuildPhase section */

/* Begin PBXGroup section */
		3019E2FB1FF184C6009AE220 = {
			isa = PBXGroup;
			children = (
				3019E3061FF184C6009AE220 /* Example */,
				3019E31B1FF184C6009AE220 /* Tests */,
				30299035215A292200A29EF9 /* Sources */,
				3019E3051FF184C6009AE220 /* Products */,
			);
			sourceTree = "<group>";
		};
		3019E3051FF184C6009AE220 /* Products */ = {
			isa = PBXGroup;
			children = (
				3019E3041FF184C6009AE220 /* Example App.app */,
				3019E3181FF184C6009AE220 /* Tests.xctest */,
				3029903B215A3E8F00A29EF9 /* libFritzBoxKit.a */,
			);
			name = Products;
			sourceTree = "<group>";
		};
		3019E3061FF184C6009AE220 /* Example */ = {
			isa = PBXGroup;
			children = (
				3019E3071FF184C6009AE220 /* AppDelegate.swift */,
				30D1E8FC2158EB1F00BEC592 /* LoginViewController.swift */,
				3019E3091FF184C6009AE220 /* DeviceListViewController.swift */,
				30D1E8FE2158F53200BEC592 /* Instantiatable.swift */,
				3019E30E1FF184C6009AE220 /* Assets.xcassets */,
				3019E3131FF184C6009AE220 /* Info.plist */,
				3019E3101FF184C6009AE220 /* LaunchScreen.storyboard */,
				3019E30B1FF184C6009AE220 /* Main.storyboard */,
			);
			path = Example;
			sourceTree = "<group>";
		};
		3019E31B1FF184C6009AE220 /* Tests */ = {
			isa = PBXGroup;
			children = (
				3079743120163E7300D65712 /* TestResources */,
				3019E31C1FF184C6009AE220 /* Fritz_Box_KitTests.swift */,
				3019E31E1FF184C6009AE220 /* Info.plist */,
			);
			path = Tests;
			sourceTree = "<group>";
		};
		30299035215A292200A29EF9 /* Sources */ = {
			isa = PBXGroup;
			children = (
				306C871925AE496A00A9F9CD /* Model */,
				306C871725AE496A00A9F9CD /* FritzBoxKit.swift */,
				306C871825AE496A00A9F9CD /* FritzBoxKit+ResourceLoading.swift */,
				306C871525AE496A00A9F9CD /* FritzBox.Error.swift */,
				306C871625AE496A00A9F9CD /* Helper.swift */,
			);
			path = Sources;
			sourceTree = "<group>";
		};
		306C871925AE496A00A9F9CD /* Model */ = {
			isa = PBXGroup;
			children = (
				306C871A25AE496A00A9F9CD /* RadiatorRegulator.swift */,
				306C871B25AE496A00A9F9CD /* SmartHomeDevice.swift */,
				306C871C25AE496A00A9F9CD /* PowerSwitch.swift */,
				306C871D25AE496A00A9F9CD /* Temperature.swift */,
				306C871E25AE496A00A9F9CD /* SessionInfo.swift */,
				306C871F25AE496A00A9F9CD /* PowerMeter.swift */,
				306C872025AE496A00A9F9CD /* XMLFloatTransform.swift */,
				306C872125AE496A00A9F9CD /* XMLBoolTransform.swift */,
			);
			path = Model;
			sourceTree = "<group>";
		};
		3079743120163E7300D65712 /* TestResources */ = {
			isa = PBXGroup;
			children = (
				3079743220163E9600D65712 /* devices.xml */,
			);
			path = TestResources;
			sourceTree = "<group>";
		};
/* End PBXGroup section */

/* Begin PBXNativeTarget section */
		3019E3031FF184C6009AE220 /* Example App */ = {
			isa = PBXNativeTarget;
			buildConfigurationList = 3019E3211FF184C6009AE220 /* Build configuration list for PBXNativeTarget "Example App" */;
			buildPhases = (
				3019E3001FF184C6009AE220 /* Sources */,
				3019E3011FF184C6009AE220 /* Frameworks */,
				3019E3021FF184C6009AE220 /* Resources */,
			);
			buildRules = (
			);
			dependencies = (
			);
			name = "Example App";
			packageProductDependencies = (
				30D608C925B228BD00EECAE3 /* AEXML */,
				30D608CF25B228D700EECAE3 /* XMLMapper */,
			);
			productName = "Fritz!Box Kit";
			productReference = 3019E3041FF184C6009AE220 /* Example App.app */;
			productType = "com.apple.product-type.application";
		};
		3019E3171FF184C6009AE220 /* Tests */ = {
			isa = PBXNativeTarget;
			buildConfigurationList = 3019E3241FF184C6009AE220 /* Build configuration list for PBXNativeTarget "Tests" */;
			buildPhases = (
				3019E3141FF184C6009AE220 /* Sources */,
				3019E3151FF184C6009AE220 /* Frameworks */,
				3019E3161FF184C6009AE220 /* Resources */,
			);
			buildRules = (
			);
			dependencies = (
				3019E31A1FF184C6009AE220 /* PBXTargetDependency */,
			);
			name = Tests;
			productName = "Fritz!Box KitTests";
			productReference = 3019E3181FF184C6009AE220 /* Tests.xctest */;
			productType = "com.apple.product-type.bundle.unit-test";
		};
		3029903A215A3E8F00A29EF9 /* FritzBoxKit */ = {
			isa = PBXNativeTarget;
			buildConfigurationList = 3029903F215A3E8F00A29EF9 /* Build configuration list for PBXNativeTarget "FritzBoxKit" */;
			buildPhases = (
				30299037215A3E8F00A29EF9 /* Sources */,
				30299038215A3E8F00A29EF9 /* Frameworks */,
				30299039215A3E8F00A29EF9 /* CopyFiles */,
			);
			buildRules = (
			);
			dependencies = (
			);
			name = FritzBoxKit;
			productName = FritzBoxKit;
			productReference = 3029903B215A3E8F00A29EF9 /* libFritzBoxKit.a */;
			productType = "com.apple.product-type.library.static";
		};
/* End PBXNativeTarget section */

/* Begin PBXProject section */
		3019E2FC1FF184C6009AE220 /* Project object */ = {
			isa = PBXProject;
			attributes = {
				LastSwiftUpdateCheck = 1000;
				LastUpgradeCheck = 1000;
				ORGANIZATIONNAME = "Roman Gille";
				TargetAttributes = {
					3019E3031FF184C6009AE220 = {
						CreatedOnToolsVersion = 9.2;
						LastSwiftMigration = 1000;
						ProvisioningStyle = Automatic;
					};
					3019E3171FF184C6009AE220 = {
						CreatedOnToolsVersion = 9.2;
						LastSwiftMigration = 1000;
						ProvisioningStyle = Automatic;
						TestTargetID = 3019E3031FF184C6009AE220;
					};
					3029903A215A3E8F00A29EF9 = {
						CreatedOnToolsVersion = 10.0;
						ProvisioningStyle = Automatic;
					};
				};
			};
			buildConfigurationList = 3019E2FF1FF184C6009AE220 /* Build configuration list for PBXProject "Fritz!Box Kit" */;
			compatibilityVersion = "Xcode 8.0";
			developmentRegion = en;
			hasScannedForEncodings = 0;
			knownRegions = (
				en,
				Base,
			);
			mainGroup = 3019E2FB1FF184C6009AE220;
			packageReferences = (
				30D608C825B228BD00EECAE3 /* XCRemoteSwiftPackageReference "AEXML" */,
				30D608CE25B228D700EECAE3 /* XCRemoteSwiftPackageReference "XMLMapper" */,
			);
			productRefGroup = 3019E3051FF184C6009AE220 /* Products */;
			projectDirPath = "";
			projectRoot = "";
			targets = (
				3019E3031FF184C6009AE220 /* Example App */,
				3019E3171FF184C6009AE220 /* Tests */,
				3029903A215A3E8F00A29EF9 /* FritzBoxKit */,
			);
		};
/* End PBXProject section */

/* Begin PBXResourcesBuildPhase section */
		3019E3021FF184C6009AE220 /* Resources */ = {
			isa = PBXResourcesBuildPhase;
			buildActionMask = 2147483647;
			files = (
				3019E3121FF184C6009AE220 /* LaunchScreen.storyboard in Resources */,
				3019E30F1FF184C6009AE220 /* Assets.xcassets in Resources */,
				3019E30D1FF184C6009AE220 /* Main.storyboard in Resources */,
			);
			runOnlyForDeploymentPostprocessing = 0;
		};
		3019E3161FF184C6009AE220 /* Resources */ = {
			isa = PBXResourcesBuildPhase;
			buildActionMask = 2147483647;
			files = (
				3079743320163E9600D65712 /* devices.xml in Resources */,
			);
			runOnlyForDeploymentPostprocessing = 0;
		};
/* End PBXResourcesBuildPhase section */

/* Begin PBXSourcesBuildPhase section */
		3019E3001FF184C6009AE220 /* Sources */ = {
			isa = PBXSourcesBuildPhase;
			buildActionMask = 2147483647;
			files = (
				30D1E8FF2158F53200BEC592 /* Instantiatable.swift in Sources */,
				3019E30A1FF184C6009AE220 /* DeviceListViewController.swift in Sources */,
				3019E3081FF184C6009AE220 /* AppDelegate.swift in Sources */,
				30D1E8FD2158EB2000BEC592 /* LoginViewController.swift in Sources */,
			);
			runOnlyForDeploymentPostprocessing = 0;
		};
		3019E3141FF184C6009AE220 /* Sources */ = {
			isa = PBXSourcesBuildPhase;
			buildActionMask = 2147483647;
			files = (
				3019E31D1FF184C6009AE220 /* Fritz_Box_KitTests.swift in Sources */,
			);
			runOnlyForDeploymentPostprocessing = 0;
		};
		30299037215A3E8F00A29EF9 /* Sources */ = {
			isa = PBXSourcesBuildPhase;
			buildActionMask = 2147483647;
			files = (
				306C873425AE4C2C00A9F9CD /* SessionInfo.swift in Sources */,
				306C873725AE4C2C00A9F9CD /* XMLBoolTransform.swift in Sources */,
				306C873625AE4C2C00A9F9CD /* XMLFloatTransform.swift in Sources */,
				306C873325AE4C2C00A9F9CD /* SmartHomeDevice.swift in Sources */,
				306C873925AE4C2C00A9F9CD /* PowerSwitch.swift in Sources */,
				306C873C25AE4C2C00A9F9CD /* FritzBox.Error.swift in Sources */,
				306C873225AE4C2C00A9F9CD /* Temperature.swift in Sources */,
				306C873A25AE4C2C00A9F9CD /* FritzBoxKit.swift in Sources */,
				306C873B25AE4C2C00A9F9CD /* FritzBoxKit+ResourceLoading.swift in Sources */,
				306C873825AE4C2C00A9F9CD /* RadiatorRegulator.swift in Sources */,
				306C873525AE4C2C00A9F9CD /* PowerMeter.swift in Sources */,
				306C873125AE4C2C00A9F9CD /* Helper.swift in Sources */,
			);
			runOnlyForDeploymentPostprocessing = 0;
		};
/* End PBXSourcesBuildPhase section */

/* Begin PBXTargetDependency section */
		3019E31A1FF184C6009AE220 /* PBXTargetDependency */ = {
			isa = PBXTargetDependency;
			target = 3019E3031FF184C6009AE220 /* Example App */;
			targetProxy = 3019E3191FF184C6009AE220 /* PBXContainerItemProxy */;
		};
/* End PBXTargetDependency section */

/* Begin PBXVariantGroup section */
		3019E30B1FF184C6009AE220 /* Main.storyboard */ = {
			isa = PBXVariantGroup;
			children = (
				3019E30C1FF184C6009AE220 /* Base */,
			);
			name = Main.storyboard;
			sourceTree = "<group>";
		};
		3019E3101FF184C6009AE220 /* LaunchScreen.storyboard */ = {
			isa = PBXVariantGroup;
			children = (
				3019E3111FF184C6009AE220 /* Base */,
			);
			name = LaunchScreen.storyboard;
			sourceTree = "<group>";
		};
/* End PBXVariantGroup section */

/* Begin XCBuildConfiguration section */
		3019E31F1FF184C6009AE220 /* Debug */ = {
			isa = XCBuildConfiguration;
			buildSettings = {
				ALWAYS_SEARCH_USER_PATHS = NO;
				CLANG_ANALYZER_NONNULL = YES;
				CLANG_ANALYZER_NUMBER_OBJECT_CONVERSION = YES_AGGRESSIVE;
				CLANG_CXX_LANGUAGE_STANDARD = "gnu++14";
				CLANG_CXX_LIBRARY = "libc++";
				CLANG_ENABLE_MODULES = YES;
				CLANG_ENABLE_OBJC_ARC = YES;
				CLANG_WARN_BLOCK_CAPTURE_AUTORELEASING = YES;
				CLANG_WARN_BOOL_CONVERSION = YES;
				CLANG_WARN_COMMA = YES;
				CLANG_WARN_CONSTANT_CONVERSION = YES;
				CLANG_WARN_DEPRECATED_OBJC_IMPLEMENTATIONS = YES;
				CLANG_WARN_DIRECT_OBJC_ISA_USAGE = YES_ERROR;
				CLANG_WARN_DOCUMENTATION_COMMENTS = YES;
				CLANG_WARN_EMPTY_BODY = YES;
				CLANG_WARN_ENUM_CONVERSION = YES;
				CLANG_WARN_INFINITE_RECURSION = YES;
				CLANG_WARN_INT_CONVERSION = YES;
				CLANG_WARN_NON_LITERAL_NULL_CONVERSION = YES;
				CLANG_WARN_OBJC_IMPLICIT_RETAIN_SELF = YES;
				CLANG_WARN_OBJC_LITERAL_CONVERSION = YES;
				CLANG_WARN_OBJC_ROOT_CLASS = YES_ERROR;
				CLANG_WARN_RANGE_LOOP_ANALYSIS = YES;
				CLANG_WARN_STRICT_PROTOTYPES = YES;
				CLANG_WARN_SUSPICIOUS_MOVE = YES;
				CLANG_WARN_UNGUARDED_AVAILABILITY = YES_AGGRESSIVE;
				CLANG_WARN_UNREACHABLE_CODE = YES;
				CLANG_WARN__DUPLICATE_METHOD_MATCH = YES;
				CODE_SIGN_IDENTITY = "iPhone Developer";
				COPY_PHASE_STRIP = NO;
				DEBUG_INFORMATION_FORMAT = dwarf;
				ENABLE_STRICT_OBJC_MSGSEND = YES;
				ENABLE_TESTABILITY = YES;
				GCC_C_LANGUAGE_STANDARD = gnu11;
				GCC_DYNAMIC_NO_PIC = NO;
				GCC_NO_COMMON_BLOCKS = YES;
				GCC_OPTIMIZATION_LEVEL = 0;
				GCC_PREPROCESSOR_DEFINITIONS = (
					"DEBUG=1",
					"$(inherited)",
				);
				GCC_WARN_64_TO_32_BIT_CONVERSION = YES;
				GCC_WARN_ABOUT_RETURN_TYPE = YES_ERROR;
				GCC_WARN_UNDECLARED_SELECTOR = YES;
				GCC_WARN_UNINITIALIZED_AUTOS = YES_AGGRESSIVE;
				GCC_WARN_UNUSED_FUNCTION = YES;
				GCC_WARN_UNUSED_VARIABLE = YES;
				IPHONEOS_DEPLOYMENT_TARGET = 9.0;
				MTL_ENABLE_DEBUG_INFO = YES;
				ONLY_ACTIVE_ARCH = YES;
				SDKROOT = iphoneos;
				SWIFT_ACTIVE_COMPILATION_CONDITIONS = DEBUG;
				SWIFT_OPTIMIZATION_LEVEL = "-Onone";
				SWIFT_VERSION = 5.0;
			};
			name = Debug;
		};
		3019E3201FF184C6009AE220 /* Release */ = {
			isa = XCBuildConfiguration;
			buildSettings = {
				ALWAYS_SEARCH_USER_PATHS = NO;
				CLANG_ANALYZER_NONNULL = YES;
				CLANG_ANALYZER_NUMBER_OBJECT_CONVERSION = YES_AGGRESSIVE;
				CLANG_CXX_LANGUAGE_STANDARD = "gnu++14";
				CLANG_CXX_LIBRARY = "libc++";
				CLANG_ENABLE_MODULES = YES;
				CLANG_ENABLE_OBJC_ARC = YES;
				CLANG_WARN_BLOCK_CAPTURE_AUTORELEASING = YES;
				CLANG_WARN_BOOL_CONVERSION = YES;
				CLANG_WARN_COMMA = YES;
				CLANG_WARN_CONSTANT_CONVERSION = YES;
				CLANG_WARN_DEPRECATED_OBJC_IMPLEMENTATIONS = YES;
				CLANG_WARN_DIRECT_OBJC_ISA_USAGE = YES_ERROR;
				CLANG_WARN_DOCUMENTATION_COMMENTS = YES;
				CLANG_WARN_EMPTY_BODY = YES;
				CLANG_WARN_ENUM_CONVERSION = YES;
				CLANG_WARN_INFINITE_RECURSION = YES;
				CLANG_WARN_INT_CONVERSION = YES;
				CLANG_WARN_NON_LITERAL_NULL_CONVERSION = YES;
				CLANG_WARN_OBJC_IMPLICIT_RETAIN_SELF = YES;
				CLANG_WARN_OBJC_LITERAL_CONVERSION = YES;
				CLANG_WARN_OBJC_ROOT_CLASS = YES_ERROR;
				CLANG_WARN_RANGE_LOOP_ANALYSIS = YES;
				CLANG_WARN_STRICT_PROTOTYPES = YES;
				CLANG_WARN_SUSPICIOUS_MOVE = YES;
				CLANG_WARN_UNGUARDED_AVAILABILITY = YES_AGGRESSIVE;
				CLANG_WARN_UNREACHABLE_CODE = YES;
				CLANG_WARN__DUPLICATE_METHOD_MATCH = YES;
				CODE_SIGN_IDENTITY = "iPhone Developer";
				COPY_PHASE_STRIP = NO;
				DEBUG_INFORMATION_FORMAT = "dwarf-with-dsym";
				ENABLE_NS_ASSERTIONS = NO;
				ENABLE_STRICT_OBJC_MSGSEND = YES;
				GCC_C_LANGUAGE_STANDARD = gnu11;
				GCC_NO_COMMON_BLOCKS = YES;
				GCC_WARN_64_TO_32_BIT_CONVERSION = YES;
				GCC_WARN_ABOUT_RETURN_TYPE = YES_ERROR;
				GCC_WARN_UNDECLARED_SELECTOR = YES;
				GCC_WARN_UNINITIALIZED_AUTOS = YES_AGGRESSIVE;
				GCC_WARN_UNUSED_FUNCTION = YES;
				GCC_WARN_UNUSED_VARIABLE = YES;
				IPHONEOS_DEPLOYMENT_TARGET = 9.0;
				MTL_ENABLE_DEBUG_INFO = NO;
				SDKROOT = iphoneos;
				SWIFT_COMPILATION_MODE = wholemodule;
				SWIFT_OPTIMIZATION_LEVEL = "-O";
				SWIFT_VERSION = 5.0;
				VALIDATE_PRODUCT = YES;
			};
			name = Release;
		};
		3019E3221FF184C6009AE220 /* Debug */ = {
			isa = XCBuildConfiguration;
			buildSettings = {
				ASSETCATALOG_COMPILER_APPICON_NAME = AppIcon;
				CODE_SIGN_STYLE = Automatic;
				DEVELOPMENT_TEAM = SBPV56G7LG;
				INFOPLIST_FILE = Example/Info.plist;
				LD_RUNPATH_SEARCH_PATHS = (
					"$(inherited)",
					"@executable_path/Frameworks",
				);
				PRODUCT_BUNDLE_IDENTIFIER = "rg.test.Fritz-Box-Example";
				PRODUCT_NAME = "$(TARGET_NAME)";
				SWIFT_INSTALL_OBJC_HEADER = NO;
				SWIFT_OBJC_BRIDGING_HEADER = "";
				SWIFT_VERSION = 5.0;
				TARGETED_DEVICE_FAMILY = "1,2";
			};
			name = Debug;
		};
		3019E3231FF184C6009AE220 /* Release */ = {
			isa = XCBuildConfiguration;
			buildSettings = {
				ASSETCATALOG_COMPILER_APPICON_NAME = AppIcon;
				CODE_SIGN_STYLE = Automatic;
				DEVELOPMENT_TEAM = SBPV56G7LG;
				INFOPLIST_FILE = Example/Info.plist;
				LD_RUNPATH_SEARCH_PATHS = (
					"$(inherited)",
					"@executable_path/Frameworks",
				);
				PRODUCT_BUNDLE_IDENTIFIER = "rg.test.Fritz-Box-Example";
				PRODUCT_NAME = "$(TARGET_NAME)";
				SWIFT_INSTALL_OBJC_HEADER = NO;
				SWIFT_OBJC_BRIDGING_HEADER = "";
				SWIFT_VERSION = 5.0;
				TARGETED_DEVICE_FAMILY = "1,2";
			};
			name = Release;
		};
		3019E3251FF184C6009AE220 /* Debug */ = {
			isa = XCBuildConfiguration;
			buildSettings = {
				ALWAYS_EMBED_SWIFT_STANDARD_LIBRARIES = "$(inherited)";
				BUNDLE_LOADER = "$(TEST_HOST)";
				CODE_SIGN_STYLE = Automatic;
				DEVELOPMENT_TEAM = SBPV56G7LG;
				GENERATE_PKGINFO_FILE = YES;
				INFOPLIST_FILE = Tests/Info.plist;
				LD_RUNPATH_SEARCH_PATHS = (
					"$(inherited)",
					"@executable_path/Frameworks",
					"@loader_path/Frameworks",
				);
				PRODUCT_BUNDLE_IDENTIFIER = "rg.test.Fritz-Box-Tests";
				PRODUCT_NAME = "$(TARGET_NAME)";
				SWIFT_INSTALL_OBJC_HEADER = NO;
				SWIFT_OBJC_BRIDGING_HEADER = "";
				SWIFT_VERSION = 5.0;
				TARGETED_DEVICE_FAMILY = "1,2";
				TEST_HOST = "$(BUILT_PRODUCTS_DIR)/Example App.app/Example App";
			};
			name = Debug;
		};
		3019E3261FF184C6009AE220 /* Release */ = {
			isa = XCBuildConfiguration;
			buildSettings = {
				ALWAYS_EMBED_SWIFT_STANDARD_LIBRARIES = "$(inherited)";
				BUNDLE_LOADER = "$(TEST_HOST)";
				CODE_SIGN_STYLE = Automatic;
				DEVELOPMENT_TEAM = SBPV56G7LG;
				GENERATE_PKGINFO_FILE = YES;
				INFOPLIST_FILE = Tests/Info.plist;
				LD_RUNPATH_SEARCH_PATHS = (
					"$(inherited)",
					"@executable_path/Frameworks",
					"@loader_path/Frameworks",
				);
				PRODUCT_BUNDLE_IDENTIFIER = "rg.test.Fritz-Box-Tests";
				PRODUCT_NAME = "$(TARGET_NAME)";
				SWIFT_INSTALL_OBJC_HEADER = NO;
				SWIFT_OBJC_BRIDGING_HEADER = "";
				SWIFT_VERSION = 5.0;
				TARGETED_DEVICE_FAMILY = "1,2";
				TEST_HOST = "$(BUILT_PRODUCTS_DIR)/Example App.app/Example App";
			};
			name = Release;
		};
		30299040215A3E8F00A29EF9 /* Debug */ = {
			isa = XCBuildConfiguration;
			buildSettings = {
				CLANG_ENABLE_OBJC_WEAK = YES;
				CODE_SIGN_STYLE = Automatic;
				DEFINES_MODULE = YES;
				DEVELOPMENT_TEAM = SBPV56G7LG;
				GENERATE_PKGINFO_FILE = NO;
				IPHONEOS_DEPLOYMENT_TARGET = 9.0;
				MTL_ENABLE_DEBUG_INFO = INCLUDE_SOURCE;
				MTL_FAST_MATH = YES;
				OTHER_LDFLAGS = "$(inherited)";
				PRODUCT_NAME = "$(TARGET_NAME)";
				SKIP_INSTALL = YES;
				SWIFT_INSTALL_OBJC_HEADER = NO;
				SWIFT_OBJC_BRIDGING_HEADER = "";
				SWIFT_VERSION = 5.0;
				TARGETED_DEVICE_FAMILY = "1,2";
			};
			name = Debug;
		};
		30299041215A3E8F00A29EF9 /* Release */ = {
			isa = XCBuildConfiguration;
			buildSettings = {
				CLANG_ENABLE_OBJC_WEAK = YES;
				CODE_SIGN_STYLE = Automatic;
				DEFINES_MODULE = YES;
				DEVELOPMENT_TEAM = SBPV56G7LG;
				GENERATE_PKGINFO_FILE = NO;
				IPHONEOS_DEPLOYMENT_TARGET = 9.0;
				MTL_FAST_MATH = YES;
				OTHER_LDFLAGS = "$(inherited)";
				PRODUCT_NAME = "$(TARGET_NAME)";
				SKIP_INSTALL = YES;
				SWIFT_INSTALL_OBJC_HEADER = NO;
				SWIFT_OBJC_BRIDGING_HEADER = "";
				SWIFT_VERSION = 5.0;
				TARGETED_DEVICE_FAMILY = "1,2";
			};
			name = Release;
		};
/* End XCBuildConfiguration section */

/* Begin XCConfigurationList section */
		3019E2FF1FF184C6009AE220 /* Build configuration list for PBXProject "Fritz!Box Kit" */ = {
			isa = XCConfigurationList;
			buildConfigurations = (
				3019E31F1FF184C6009AE220 /* Debug */,
				3019E3201FF184C6009AE220 /* Release */,
			);
			defaultConfigurationIsVisible = 0;
			defaultConfigurationName = Release;
		};
		3019E3211FF184C6009AE220 /* Build configuration list for PBXNativeTarget "Example App" */ = {
			isa = XCConfigurationList;
			buildConfigurations = (
				3019E3221FF184C6009AE220 /* Debug */,
				3019E3231FF184C6009AE220 /* Release */,
			);
			defaultConfigurationIsVisible = 0;
			defaultConfigurationName = Release;
		};
		3019E3241FF184C6009AE220 /* Build configuration list for PBXNativeTarget "Tests" */ = {
			isa = XCConfigurationList;
			buildConfigurations = (
				3019E3251FF184C6009AE220 /* Debug */,
				3019E3261FF184C6009AE220 /* Release */,
			);
			defaultConfigurationIsVisible = 0;
			defaultConfigurationName = Release;
		};
		3029903F215A3E8F00A29EF9 /* Build configuration list for PBXNativeTarget "FritzBoxKit" */ = {
			isa = XCConfigurationList;
			buildConfigurations = (
				30299040215A3E8F00A29EF9 /* Debug */,
				30299041215A3E8F00A29EF9 /* Release */,
			);
			defaultConfigurationIsVisible = 0;
			defaultConfigurationName = Release;
		};
/* End XCConfigurationList section */

/* Begin XCRemoteSwiftPackageReference section */
		30D608C825B228BD00EECAE3 /* XCRemoteSwiftPackageReference "AEXML" */ = {
			isa = XCRemoteSwiftPackageReference;
			repositoryURL = "https://github.com/tadija/AEXML.git";
			requirement = {
				kind = upToNextMajorVersion;
				minimumVersion = 4.3.3;
			};
		};
		30D608CE25B228D700EECAE3 /* XCRemoteSwiftPackageReference "XMLMapper" */ = {
			isa = XCRemoteSwiftPackageReference;
			repositoryURL = "https://github.com/gcharita/XMLMapper.git";
			requirement = {
				kind = upToNextMajorVersion;
				minimumVersion = 1.5.1;
			};
		};
/* End XCRemoteSwiftPackageReference section */

/* Begin XCSwiftPackageProductDependency section */
		30D608C925B228BD00EECAE3 /* AEXML */ = {
			isa = XCSwiftPackageProductDependency;
			package = 30D608C825B228BD00EECAE3 /* XCRemoteSwiftPackageReference "AEXML" */;
			productName = AEXML;
		};
		30D608CF25B228D700EECAE3 /* XMLMapper */ = {
			isa = XCSwiftPackageProductDependency;
			package = 30D608CE25B228D700EECAE3 /* XCRemoteSwiftPackageReference "XMLMapper" */;
			productName = XMLMapper;
		};
/* End XCSwiftPackageProductDependency section */
	};
	rootObject = 3019E2FC1FF184C6009AE220 /* Project object */;
}
